
Microsoft Visual Studio Solution File, Format Version 12.00
# Visual Studio Version 16
VisualStudioVersion = 16.0.31205.134
MinimumVisualStudioVersion = 10.0.40219.1
Project("{FAE04EC0-301F-11D3-BF4B-00C04F79EFBC}") = "Tic-Tac-Toe(Final)", "Tic-Tac-Toe(Final).csproj", "{AD42122A-0D77-412F-BC91-4AB0121C901A}"
EndProject
Global
	GlobalSection(SolutionConfigurationPlatforms) = preSolution
		Debug|Any CPU = Debug|Any CPU
		Release|Any CPU = Release|Any CPU
	EndGlobalSection
	GlobalSection(ProjectConfigurationPlatforms) = postSolution
		{AD42122A-0D77-412F-BC91-4AB0121C901A}.Debug|Any CPU.ActiveCfg = Debug|Any CPU
		{AD42122A-0D77-412F-BC91-4AB0121C901A}.Debug|Any CPU.Build.0 = Debug|Any CPU
		{AD42122A-0D77-412F-BC91-4AB0121C901A}.Release|Any CPU.ActiveCfg = Release|Any CPU
		{AD42122A-0D77-412F-BC91-4AB0121C901A}.Release|Any CPU.Build.0 = Release|Any CPU
	EndGlobalSection
	GlobalSection(SolutionProperties) = preSolution
		HideSolutionNode = FALSE
	EndGlobalSection
	GlobalSection(ExtensibilityGlobals) = postSolution
		SolutionGuid = {941DE86C-E60C-4323-8996-B2A497053A71}
	EndGlobalSection
EndGlobal
